// !$*UTF8*$!
{
	archiveVersion = 1;
	classes = {
	};
	objectVersion = 46;
	objects = {

/* Begin PBXBuildFile section */
		328222F11ED5697C0093A0B0 /* IMG_2471.mov in Resources */ = {isa = PBXBuildFile; fileRef = 328222F01ED5697C0093A0B0 /* IMG_2471.mov */; };
		32D919961ED539B10043B23A /* FunctionalCoreImage.swift in Sources */ = {isa = PBXBuildFile; fileRef = 32D919921ED539B10043B23A /* FunctionalCoreImage.swift */; };
		32D919971ED539B10043B23A /* VideoSampleBufferSource.swift in Sources */ = {isa = PBXBuildFile; fileRef = 32D919931ED539B10043B23A /* VideoSampleBufferSource.swift */; };
		32D919981ED539B10043B23A /* CoreImageView.swift in Sources */ = {isa = PBXBuildFile; fileRef = 32D919941ED539B10043B23A /* CoreImageView.swift */; };
		32D919991ED539B10043B23A /* Extensions.swift in Sources */ = {isa = PBXBuildFile; fileRef = 32D919951ED539B10043B23A /* Extensions.swift */; };
		32F5DB881ED45DBA008ED063 /* AppDelegate.swift in Sources */ = {isa = PBXBuildFile; fileRef = 32F5DB871ED45DBA008ED063 /* AppDelegate.swift */; };
		32F5DB8A1ED45DBA008ED063 /* ViewController.swift in Sources */ = {isa = PBXBuildFile; fileRef = 32F5DB891ED45DBA008ED063 /* ViewController.swift */; };
		32F5DB8D1ED45DBB008ED063 /* Main.storyboard in Resources */ = {isa = PBXBuildFile; fileRef = 32F5DB8B1ED45DBB008ED063 /* Main.storyboard */; };
		32F5DB8F1ED45DBB008ED063 /* Assets.xcassets in Resources */ = {isa = PBXBuildFile; fileRef = 32F5DB8E1ED45DBB008ED063 /* Assets.xcassets */; };
		32F5DB921ED45DBB008ED063 /* LaunchScreen.storyboard in Resources */ = {isa = PBXBuildFile; fileRef = 32F5DB901ED45DBB008ED063 /* LaunchScreen.storyboard */; };
		32F5DB9D1ED45DBB008ED063 /* EditVideoUITests.swift in Sources */ = {isa = PBXBuildFile; fileRef = 32F5DB9C1ED45DBB008ED063 /* EditVideoUITests.swift */; };
		32F5DBA81ED45E46008ED063 /* MediaManager.swift in Sources */ = {isa = PBXBuildFile; fileRef = 32F5DBA71ED45E46008ED063 /* MediaManager.swift */; };
		32F5DBAA1ED461EE008ED063 /* IMG_2464.MOV in Resources */ = {isa = PBXBuildFile; fileRef = 32F5DBA91ED461EE008ED063 /* IMG_2464.MOV */; };
/* End PBXBuildFile section */

/* Begin PBXContainerItemProxy section */
		32F5DB991ED45DBB008ED063 /* PBXContainerItemProxy */ = {
			isa = PBXContainerItemProxy;
			containerPortal = 32F5DB7C1ED45DBA008ED063 /* Project object */;
			proxyType = 1;
			remoteGlobalIDString = 32F5DB831ED45DBA008ED063;
			remoteInfo = EditVideo;
		};
/* End PBXContainerItemProxy section */

/* Begin PBXFileReference section */
		328222F01ED5697C0093A0B0 /* IMG_2471.mov */ = {isa = PBXFileReference; lastKnownFileType = video.quicktime; path = IMG_2471.mov; sourceTree = "<group>"; };
		32D919921ED539B10043B23A /* FunctionalCoreImage.swift */ = {isa = PBXFileReference; fileEncoding = 4; lastKnownFileType = sourcecode.swift; path = FunctionalCoreImage.swift; sourceTree = "<group>"; };
		32D919931ED539B10043B23A /* VideoSampleBufferSource.swift */ = {isa = PBXFileReference; fileEncoding = 4; lastKnownFileType = sourcecode.swift; path = VideoSampleBufferSource.swift; sourceTree = "<group>"; };
		32D919941ED539B10043B23A /* CoreImageView.swift */ = {isa = PBXFileReference; fileEncoding = 4; lastKnownFileType = sourcecode.swift; path = CoreImageView.swift; sourceTree = "<group>"; };
		32D919951ED539B10043B23A /* Extensions.swift */ = {isa = PBXFileReference; fileEncoding = 4; lastKnownFileType = sourcecode.swift; path = Extensions.swift; sourceTree = "<group>"; };
		32F5DB841ED45DBA008ED063 /* EditVideo.app */ = {isa = PBXFileReference; explicitFileType = wrapper.application; includeInIndex = 0; path = EditVideo.app; sourceTree = BUILT_PRODUCTS_DIR; };
		32F5DB871ED45DBA008ED063 /* AppDelegate.swift */ = {isa = PBXFileReference; lastKnownFileType = sourcecode.swift; path = AppDelegate.swift; sourceTree = "<group>"; };
		32F5DB891ED45DBA008ED063 /* ViewController.swift */ = {isa = PBXFileReference; lastKnownFileType = sourcecode.swift; path = ViewController.swift; sourceTree = "<group>"; };
		32F5DB8C1ED45DBB008ED063 /* Base */ = {isa = PBXFileReference; lastKnownFileType = file.storyboard; name = Base; path = Base.lproj/Main.storyboard; sourceTree = "<group>"; };
		32F5DB8E1ED45DBB008ED063 /* Assets.xcassets */ = {isa = PBXFileReference; lastKnownFileType = folder.assetcatalog; path = Assets.xcassets; sourceTree = "<group>"; };
		32F5DB911ED45DBB008ED063 /* Base */ = {isa = PBXFileReference; lastKnownFileType = file.storyboard; name = Base; path = Base.lproj/LaunchScreen.storyboard; sourceTree = "<group>"; };
		32F5DB931ED45DBB008ED063 /* Info.plist */ = {isa = PBXFileReference; lastKnownFileType = text.plist.xml; path = Info.plist; sourceTree = "<group>"; };
		32F5DB981ED45DBB008ED063 /* EditVideoUITests.xctest */ = {isa = PBXFileReference; explicitFileType = wrapper.cfbundle; includeInIndex = 0; path = EditVideoUITests.xctest; sourceTree = BUILT_PRODUCTS_DIR; };
		32F5DB9C1ED45DBB008ED063 /* EditVideoUITests.swift */ = {isa = PBXFileReference; lastKnownFileType = sourcecode.swift; path = EditVideoUITests.swift; sourceTree = "<group>"; };
		32F5DB9E1ED45DBB008ED063 /* Info.plist */ = {isa = PBXFileReference; lastKnownFileType = text.plist.xml; path = Info.plist; sourceTree = "<group>"; };
		32F5DBA71ED45E46008ED063 /* MediaManager.swift */ = {isa = PBXFileReference; fileEncoding = 4; lastKnownFileType = sourcecode.swift; path = MediaManager.swift; sourceTree = "<group>"; };
		32F5DBA91ED461EE008ED063 /* IMG_2464.MOV */ = {isa = PBXFileReference; lastKnownFileType = video.quicktime; path = IMG_2464.MOV; sourceTree = "<group>"; };
/* End PBXFileReference section */

/* Begin PBXFrameworksBuildPhase section */
		32F5DB811ED45DBA008ED063 /* Frameworks */ = {
			isa = PBXFrameworksBuildPhase;
			buildActionMask = 2147483647;
			files = (
			);
			runOnlyForDeploymentPostprocessing = 0;
		};
		32F5DB951ED45DBB008ED063 /* Frameworks */ = {
			isa = PBXFrameworksBuildPhase;
			buildActionMask = 2147483647;
			files = (
			);
			runOnlyForDeploymentPostprocessing = 0;
		};
/* End PBXFrameworksBuildPhase section */

/* Begin PBXGroup section */
		32F5DB7B1ED45DBA008ED063 = {
			isa = PBXGroup;
			children = (
				32F5DB861ED45DBA008ED063 /* EditVideo */,
				32F5DB9B1ED45DBB008ED063 /* EditVideoUITests */,
				32F5DB851ED45DBA008ED063 /* Products */,
			);
			sourceTree = "<group>";
		};
		32F5DB851ED45DBA008ED063 /* Products */ = {
			isa = PBXGroup;
			children = (
				32F5DB841ED45DBA008ED063 /* EditVideo.app */,
				32F5DB981ED45DBB008ED063 /* EditVideoUITests.xctest */,
			);
			name = Products;
			sourceTree = "<group>";
		};
		32F5DB861ED45DBA008ED063 /* EditVideo */ = {
			isa = PBXGroup;
			children = (
				328222F01ED5697C0093A0B0 /* IMG_2471.mov */,
				32F5DBA91ED461EE008ED063 /* IMG_2464.MOV */,
				32F5DB871ED45DBA008ED063 /* AppDelegate.swift */,
				32F5DB891ED45DBA008ED063 /* ViewController.swift */,
				32F5DBA71ED45E46008ED063 /* MediaManager.swift */,
				32D919931ED539B10043B23A /* VideoSampleBufferSource.swift */,
				32D919921ED539B10043B23A /* FunctionalCoreImage.swift */,
				32D919941ED539B10043B23A /* CoreImageView.swift */,
				32D919951ED539B10043B23A /* Extensions.swift */,
				32F5DB8B1ED45DBB008ED063 /* Main.storyboard */,
				32F5DB8E1ED45DBB008ED063 /* Assets.xcassets */,
				32F5DB901ED45DBB008ED063 /* LaunchScreen.storyboard */,
				32F5DB931ED45DBB008ED063 /* Info.plist */,
			);
			path = EditVideo;
			sourceTree = "<group>";
		};
		32F5DB9B1ED45DBB008ED063 /* EditVideoUITests */ = {
			isa = PBXGroup;
			children = (
				32F5DB9C1ED45DBB008ED063 /* EditVideoUITests.swift */,
				32F5DB9E1ED45DBB008ED063 /* Info.plist */,
			);
			path = EditVideoUITests;
			sourceTree = "<group>";
		};
/* End PBXGroup section */

/* Begin PBXNativeTarget section */
		32F5DB831ED45DBA008ED063 /* EditVideo */ = {
			isa = PBXNativeTarget;
			buildConfigurationList = 32F5DBA11ED45DBB008ED063 /* Build configuration list for PBXNativeTarget "EditVideo" */;
			buildPhases = (
				32F5DB801ED45DBA008ED063 /* Sources */,
				32F5DB811ED45DBA008ED063 /* Frameworks */,
				32F5DB821ED45DBA008ED063 /* Resources */,
			);
			buildRules = (
			);
			dependencies = (
			);
			name = EditVideo;
			productName = EditVideo;
			productReference = 32F5DB841ED45DBA008ED063 /* EditVideo.app */;
			productType = "com.apple.product-type.application";
		};
		32F5DB971ED45DBB008ED063 /* EditVideoUITests */ = {
			isa = PBXNativeTarget;
			buildConfigurationList = 32F5DBA41ED45DBB008ED063 /* Build configuration list for PBXNativeTarget "EditVideoUITests" */;
			buildPhases = (
				32F5DB941ED45DBB008ED063 /* Sources */,
				32F5DB951ED45DBB008ED063 /* Frameworks */,
				32F5DB961ED45DBB008ED063 /* Resources */,
			);
			buildRules = (
			);
			dependencies = (
				32F5DB9A1ED45DBB008ED063 /* PBXTargetDependency */,
			);
			name = EditVideoUITests;
			productName = EditVideoUITests;
			productReference = 32F5DB981ED45DBB008ED063 /* EditVideoUITests.xctest */;
			productType = "com.apple.product-type.bundle.ui-testing";
		};
/* End PBXNativeTarget section */

/* Begin PBXProject section */
		32F5DB7C1ED45DBA008ED063 /* Project object */ = {
			isa = PBXProject;
			attributes = {
				LastSwiftUpdateCheck = 0810;
				LastUpgradeCheck = 0810;
				ORGANIZATIONNAME = "极目";
				TargetAttributes = {
					32F5DB831ED45DBA008ED063 = {
						CreatedOnToolsVersion = 8.1;
						DevelopmentTeam = 5627K52363;
						ProvisioningStyle = Automatic;
					};
					32F5DB971ED45DBB008ED063 = {
						CreatedOnToolsVersion = 8.1;
						DevelopmentTeam = 5627K52363;
						ProvisioningStyle = Automatic;
						TestTargetID = 32F5DB831ED45DBA008ED063;
					};
				};
			};
			buildConfigurationList = 32F5DB7F1ED45DBA008ED063 /* Build configuration list for PBXProject "EditVideo" */;
			compatibilityVersion = "Xcode 3.2";
			developmentRegion = English;
			hasScannedForEncodings = 0;
			knownRegions = (
				en,
				Base,
			);
			mainGroup = 32F5DB7B1ED45DBA008ED063;
			productRefGroup = 32F5DB851ED45DBA008ED063 /* Products */;
			projectDirPath = "";
			projectRoot = "";
			targets = (
				32F5DB831ED45DBA008ED063 /* EditVideo */,
				32F5DB971ED45DBB008ED063 /* EditVideoUITests */,
			);
		};
/* End PBXProject section */

/* Begin PBXResourcesBuildPhase section */
		32F5DB821ED45DBA008ED063 /* Resources */ = {
			isa = PBXResourcesBuildPhase;
			buildActionMask = 2147483647;
			files = (
				32F5DBAA1ED461EE008ED063 /* IMG_2464.MOV in Resources */,
				32F5DB921ED45DBB008ED063 /* LaunchScreen.storyboard in Resources */,
				328222F11ED5697C0093A0B0 /* IMG_2471.mov in Resources */,
				32F5DB8F1ED45DBB008ED063 /* Assets.xcassets in Resources */,
				32F5DB8D1ED45DBB008ED063 /* Main.storyboard in Resources */,
			);
			runOnlyForDeploymentPostprocessing = 0;
		};
		32F5DB961ED45DBB008ED063 /* Resources */ = {
			isa = PBXResourcesBuildPhase;
			buildActionMask = 2147483647;
			files = (
			);
			runOnlyForDeploymentPostprocessing = 0;
		};
/* End PBXResourcesBuildPhase section */

/* Begin PBXSourcesBuildPhase section */
		32F5DB801ED45DBA008ED063 /* Sources */ = {
			isa = PBXSourcesBuildPhase;
			buildActionMask = 2147483647;
			files = (
				32F5DB8A1ED45DBA008ED063 /* ViewController.swift in Sources */,
				32F5DBA81ED45E46008ED063 /* MediaManager.swift in Sources */,
				32F5DB881ED45DBA008ED063 /* AppDelegate.swift in Sources */,
				32D919981ED539B10043B23A /* CoreImageView.swift in Sources */,
				32D919971ED539B10043B23A /* VideoSampleBufferSource.swift in Sources */,
				32D919961ED539B10043B23A /* FunctionalCoreImage.swift in Sources */,
				32D919991ED539B10043B23A /* Extensions.swift in Sources */,
			);
			runOnlyForDeploymentPostprocessing = 0;
		};
		32F5DB941ED45DBB008ED063 /* Sources */ = {
			isa = PBXSourcesBuildPhase;
			buildActionMask = 2147483647;
			files = (
				32F5DB9D1ED45DBB008ED063 /* EditVideoUITests.swift in Sources */,
			);
			runOnlyForDeploymentPostprocessing = 0;
		};
/* End PBXSourcesBuildPhase section */

/* Begin PBXTargetDependency section */
		32F5DB9A1ED45DBB008ED063 /* PBXTargetDependency */ = {
			isa = PBXTargetDependency;
			target = 32F5DB831ED45DBA008ED063 /* EditVideo */;
			targetProxy = 32F5DB991ED45DBB008ED063 /* PBXContainerItemProxy */;
		};
/* End PBXTargetDependency section */

/* Begin PBXVariantGroup section */
		32F5DB8B1ED45DBB008ED063 /* Main.storyboard */ = {
			isa = PBXVariantGroup;
			children = (
				32F5DB8C1ED45DBB008ED063 /* Base */,
			);
			name = Main.storyboard;
			sourceTree = "<group>";
		};
		32F5DB901ED45DBB008ED063 /* LaunchScreen.storyboard */ = {
			isa = PBXVariantGroup;
			children = (
				32F5DB911ED45DBB008ED063 /* Base */,
			);
			name = LaunchScreen.storyboard;
			sourceTree = "<group>";
		};
/* End PBXVariantGroup section */

/* Begin XCBuildConfiguration section */
		32F5DB9F1ED45DBB008ED063 /* Debug */ = {
			isa = XCBuildConfiguration;
			buildSettings = {
				ALWAYS_SEARCH_USER_PATHS = NO;
				CLANG_ANALYZER_NONNULL = YES;
				CLANG_CXX_LANGUAGE_STANDARD = "gnu++0x";
				CLANG_CXX_LIBRARY = "libc++";
				CLANG_ENABLE_MODULES = YES;
				CLANG_ENABLE_OBJC_ARC = YES;
				CLANG_WARN_BOOL_CONVERSION = YES;
				CLANG_WARN_CONSTANT_CONVERSION = YES;
				CLANG_WARN_DIRECT_OBJC_ISA_USAGE = YES_ERROR;
				CLANG_WARN_DOCUMENTATION_COMMENTS = YES;
				CLANG_WARN_EMPTY_BODY = YES;
				CLANG_WARN_ENUM_CONVERSION = YES;
				CLANG_WARN_INFINITE_RECURSION = YES;
				CLANG_WARN_INT_CONVERSION = YES;
				CLANG_WARN_OBJC_ROOT_CLASS = YES_ERROR;
				CLANG_WARN_SUSPICIOUS_MOVES = YES;
				CLANG_WARN_UNREACHABLE_CODE = YES;
				CLANG_WARN__DUPLICATE_METHOD_MATCH = YES;
				"CODE_SIGN_IDENTITY[sdk=iphoneos*]" = "iPhone Developer";
				COPY_PHASE_STRIP = NO;
				DEBUG_INFORMATION_FORMAT = dwarf;
				ENABLE_STRICT_OBJC_MSGSEND = YES;
				ENABLE_TESTABILITY = YES;
				GCC_C_LANGUAGE_STANDARD = gnu99;
				GCC_DYNAMIC_NO_PIC = NO;
				GCC_NO_COMMON_BLOCKS = YES;
				GCC_OPTIMIZATION_LEVEL = 0;
				GCC_PREPROCESSOR_DEFINITIONS = (
					"DEBUG=1",
					"$(inherited)",
				);
				GCC_WARN_64_TO_32_BIT_CONVERSION = YES;
				GCC_WARN_ABOUT_RETURN_TYPE = YES_ERROR;
				GCC_WARN_UNDECLARED_SELECTOR = YES;
				GCC_WARN_UNINITIALIZED_AUTOS = YES_AGGRESSIVE;
				GCC_WARN_UNUSED_FUNCTION = YES;
				GCC_WARN_UNUSED_VARIABLE = YES;
				IPHONEOS_DEPLOYMENT_TARGET = 10.1;
				MTL_ENABLE_DEBUG_INFO = YES;
				ONLY_ACTIVE_ARCH = YES;
				SDKROOT = iphoneos;
				SWIFT_ACTIVE_COMPILATION_CONDITIONS = DEBUG;
				SWIFT_OPTIMIZATION_LEVEL = "-Onone";
				TARGETED_DEVICE_FAMILY = "1,2";
			};
			name = Debug;
		};
		32F5DBA01ED45DBB008ED063 /* Release */ = {
			isa = XCBuildConfiguration;
			buildSettings = {
				ALWAYS_SEARCH_USER_PATHS = NO;
				CLANG_ANALYZER_NONNULL = YES;
				CLANG_CXX_LANGUAGE_STANDARD = "gnu++0x";
				CLANG_CXX_LIBRARY = "libc++";
				CLANG_ENABLE_MODULES = YES;
				CLANG_ENABLE_OBJC_ARC = YES;
				CLANG_WARN_BOOL_CONVERSION = YES;
				CLANG_WARN_CONSTANT_CONVERSION = YES;
				CLANG_WARN_DIRECT_OBJC_ISA_USAGE = YES_ERROR;
				CLANG_WARN_DOCUMENTATION_COMMENTS = YES;
				CLANG_WARN_EMPTY_BODY = YES;
				CLANG_WARN_ENUM_CONVERSION = YES;
				CLANG_WARN_INFINITE_RECURSION = YES;
				CLANG_WARN_INT_CONVERSION = YES;
				CLANG_WARN_OBJC_ROOT_CLASS = YES_ERROR;
				CLANG_WARN_SUSPICIOUS_MOVES = YES;
				CLANG_WARN_UNREACHABLE_CODE = YES;
				CLANG_WARN__DUPLICATE_METHOD_MATCH = YES;
				"CODE_SIGN_IDENTITY[sdk=iphoneos*]" = "iPhone Developer";
				COPY_PHASE_STRIP = NO;
				DEBUG_INFORMATION_FORMAT = "dwarf-with-dsym";
				ENABLE_NS_ASSERTIONS = NO;
				ENABLE_STRICT_OBJC_MSGSEND = YES;
				GCC_C_LANGUAGE_STANDARD = gnu99;
				GCC_NO_COMMON_BLOCKS = YES;
				GCC_WARN_64_TO_32_BIT_CONVERSION = YES;
				GCC_WARN_ABOUT_RETURN_TYPE = YES_ERROR;
				GCC_WARN_UNDECLARED_SELECTOR = YES;
				GCC_WARN_UNINITIALIZED_AUTOS = YES_AGGRESSIVE;
				GCC_WARN_UNUSED_FUNCTION = YES;
				GCC_WARN_UNUSED_VARIABLE = YES;
				IPHONEOS_DEPLOYMENT_TARGET = 10.1;
				MTL_ENABLE_DEBUG_INFO = NO;
				SDKROOT = iphoneos;
				SWIFT_OPTIMIZATION_LEVEL = "-Owholemodule";
				TARGETED_DEVICE_FAMILY = "1,2";
				VALIDATE_PRODUCT = YES;
			};
			name = Release;
		};
		32F5DBA21ED45DBB008ED063 /* Debug */ = {
			isa = XCBuildConfiguration;
			buildSettings = {
				ASSETCATALOG_COMPILER_APPICON_NAME = AppIcon;
				DEVELOPMENT_TEAM = 5627K52363;
				INFOPLIST_FILE = EditVideo/Info.plist;
				LD_RUNPATH_SEARCH_PATHS = "$(inherited) @executable_path/Frameworks";
				PRODUCT_BUNDLE_IDENTIFIER = com.EditVideo;
				PRODUCT_NAME = "$(TARGET_NAME)";
				SWIFT_VERSION = 3.0;
			};
			name = Debug;
		};
		32F5DBA31ED45DBB008ED063 /* Release */ = {
			isa = XCBuildConfiguration;
			buildSettings = {
				ASSETCATALOG_COMPILER_APPICON_NAME = AppIcon;
				DEVELOPMENT_TEAM = 5627K52363;
				INFOPLIST_FILE = EditVideo/Info.plist;
				LD_RUNPATH_SEARCH_PATHS = "$(inherited) @executable_path/Frameworks";
				PRODUCT_BUNDLE_IDENTIFIER = com.EditVideo;
				PRODUCT_NAME = "$(TARGET_NAME)";
				SWIFT_VERSION = 3.0;
			};
			name = Release;
		};
		32F5DBA51ED45DBB008ED063 /* Debug */ = {
			isa = XCBuildConfiguration;
			buildSettings = {
				ALWAYS_EMBED_SWIFT_STANDARD_LIBRARIES = YES;
				DEVELOPMENT_TEAM = 5627K52363;
				INFOPLIST_FILE = EditVideoUITests/Info.plist;
				LD_RUNPATH_SEARCH_PATHS = "$(inherited) @executable_path/Frameworks @loader_path/Frameworks";
				PRODUCT_BUNDLE_IDENTIFIER = com.EditVideoUITests;
				PRODUCT_NAME = "$(TARGET_NAME)";
				SWIFT_VERSION = 3.0;
				TEST_TARGET_NAME = EditVideo;
			};
			name = Debug;
		};
		32F5DBA61ED45DBB008ED063 /* Release */ = {
			isa = XCBuildConfiguration;
			buildSettings = {
				ALWAYS_EMBED_SWIFT_STANDARD_LIBRARIES = YES;
				DEVELOPMENT_TEAM = 5627K52363;
				INFOPLIST_FILE = EditVideoUITests/Info.plist;
				LD_RUNPATH_SEARCH_PATHS = "$(inherited) @executable_path/Frameworks @loader_path/Frameworks";
				PRODUCT_BUNDLE_IDENTIFIER = com.EditVideoUITests;
				PRODUCT_NAME = "$(TARGET_NAME)";
				SWIFT_VERSION = 3.0;
				TEST_TARGET_NAME = EditVideo;
			};
			name = Release;
		};
/* End XCBuildConfiguration section */

/* Begin XCConfigurationList section */
		32F5DB7F1ED45DBA008ED063 /* Build configuration list for PBXProject "EditVideo" */ = {
			isa = XCConfigurationList;
			buildConfigurations = (
				32F5DB9F1ED45DBB008ED063 /* Debug */,
				32F5DBA01ED45DBB008ED063 /* Release */,
			);
			defaultConfigurationIsVisible = 0;
			defaultConfigurationName = Release;
		};
		32F5DBA11ED45DBB008ED063 /* Build configuration list for PBXNativeTarget "EditVideo" */ = {
			isa = XCConfigurationList;
			buildConfigurations = (
				32F5DBA21ED45DBB008ED063 /* Debug */,
				32F5DBA31ED45DBB008ED063 /* Release */,
			);
			defaultConfigurationIsVisible = 0;
			defaultConfigurationName = Release;
		};
		32F5DBA41ED45DBB008ED063 /* Build configuration list for PBXNativeTarget "EditVideoUITests" */ = {
			isa = XCConfigurationList;
			buildConfigurations = (
				32F5DBA51ED45DBB008ED063 /* Debug */,
				32F5DBA61ED45DBB008ED063 /* Release */,
			);
			defaultConfigurationIsVisible = 0;
			defaultConfigurationName = Release;
		};
/* End XCConfigurationList section */
	};
	rootObject = 32F5DB7C1ED45DBA008ED063 /* Project object */;
}
